
Microsoft Visual Studio Solution File, Format Version 12.00
# Visual Studio Version 17
VisualStudioVersion = 17.12.35707.178
MinimumVisualStudioVersion = 10.0.40219.1
Project("{FAE04EC0-301F-11D3-BF4B-00C04F79EFBC}") = "MyProject.API", "MyProject.API\MyProject.API.csproj", "{2DF08E74-0940-4D2F-92F1-F6AD61F36D0A}"
EndProject
Project("{FAE04EC0-301F-11D3-BF4B-00C04F79EFBC}") = "MyProject.Domain", "MyProject.Domain\MyProject.Domain.csproj", "{BB7BCB01-2C70-4E19-9CB5-B1F40B08ACE4}"
EndProject
Project("{FAE04EC0-301F-11D3-BF4B-00C04F79EFBC}") = "MyProject.Data", "MyProject.Data\MyProject.Data.csproj", "{53BBECFF-A8C0-41AB-8AEB-4E0B980A447A}"
EndProject
Project("{2150E333-8FDC-42A3-9474-1A3956D46DE8}") = "Solution Items", "Solution Items", "{D9863949-BE9A-4DDA-BF0C-C723F94FF678}"
	ProjectSection(SolutionItems) = preProject
		.gitignore = .gitignore
	EndProjectSection
EndProject
Project("{2150E333-8FDC-42A3-9474-1A3956D46DE8}") = "contracts", "contracts", "{A889A8BE-B0C6-434F-B9DB-2ADE787DB312}"
	ProjectSection(SolutionItems) = preProject
		openapi.yaml = openapi.yaml
	EndProjectSection
EndProject
Global
	GlobalSection(SolutionConfigurationPlatforms) = preSolution
		Debug|Any CPU = Debug|Any CPU
		Release|Any CPU = Release|Any CPU
	EndGlobalSection
	GlobalSection(ProjectConfigurationPlatforms) = postSolution
		{2DF08E74-0940-4D2F-92F1-F6AD61F36D0A}.Debug|Any CPU.ActiveCfg = Debug|Any CPU
		{2DF08E74-0940-4D2F-92F1-F6AD61F36D0A}.Debug|Any CPU.Build.0 = Debug|Any CPU
		{2DF08E74-0940-4D2F-92F1-F6AD61F36D0A}.Release|Any CPU.ActiveCfg = Release|Any CPU
		{2DF08E74-0940-4D2F-92F1-F6AD61F36D0A}.Release|Any CPU.Build.0 = Release|Any CPU
		{BB7BCB01-2C70-4E19-9CB5-B1F40B08ACE4}.Debug|Any CPU.ActiveCfg = Debug|Any CPU
		{BB7BCB01-2C70-4E19-9CB5-B1F40B08ACE4}.Debug|Any CPU.Build.0 = Debug|Any CPU
		{BB7BCB01-2C70-4E19-9CB5-B1F40B08ACE4}.Release|Any CPU.ActiveCfg = Release|Any CPU
		{BB7BCB01-2C70-4E19-9CB5-B1F40B08ACE4}.Release|Any CPU.Build.0 = Release|Any CPU
		{53BBECFF-A8C0-41AB-8AEB-4E0B980A447A}.Debug|Any CPU.ActiveCfg = Debug|Any CPU
		{53BBECFF-A8C0-41AB-8AEB-4E0B980A447A}.Debug|Any CPU.Build.0 = Debug|Any CPU
		{53BBECFF-A8C0-41AB-8AEB-4E0B980A447A}.Release|Any CPU.ActiveCfg = Release|Any CPU
		{53BBECFF-A8C0-41AB-8AEB-4E0B980A447A}.Release|Any CPU.Build.0 = Release|Any CPU
	EndGlobalSection
	GlobalSection(SolutionProperties) = preSolution
		HideSolutionNode = FALSE
	EndGlobalSection
EndGlobal
